
Microsoft Visual Studio Solution File, Format Version 12.00
# Visual Studio Version 17
VisualStudioVersion = 17.0.32112.339
MinimumVisualStudioVersion = 10.0.40219.1
Project("{9A19103F-16F7-4668-BE54-9A1E7A4F7556}") = "Blog.API", "Blog.API\Blog.API.csproj", "{AC1E60BA-C146-4121-96E5-AD9FFDDBA374}"
EndProject
Project("{9A19103F-16F7-4668-BE54-9A1E7A4F7556}") = "Blog.Models", "Blog.Models\Blog.Models.csproj", "{4D65E594-BAA3-4A3F-AF88-95164C5831B9}"
EndProject
Project("{9A19103F-16F7-4668-BE54-9A1E7A4F7556}") = "Blog.Data", "Blog.Data\Blog.Data.csproj", "{AE17A3A2-C636-4702-90A8-3656C8867C2C}"
EndProject
Project("{9A19103F-16F7-4668-BE54-9A1E7A4F7556}") = "Blog.Service", "Blog.Service\Blog.Service.csproj", "{BE79F03F-0338-41B3-9C33-92E341BF1244}"
EndProject
Project("{FAE04EC0-301F-11D3-BF4B-00C04F79EFBC}") = "Blog.SharedTools", "Blog.SharedTools\Blog.SharedTools.csproj", "{C11033BA-CABD-48E8-9712-B7CC591E04EE}"
EndProject
Global
	GlobalSection(SolutionConfigurationPlatforms) = preSolution
		Debug|Any CPU = Debug|Any CPU
		Release|Any CPU = Release|Any CPU
	EndGlobalSection
	GlobalSection(ProjectConfigurationPlatforms) = postSolution
		{AC1E60BA-C146-4121-96E5-AD9FFDDBA374}.Debug|Any CPU.ActiveCfg = Debug|Any CPU
		{AC1E60BA-C146-4121-96E5-AD9FFDDBA374}.Debug|Any CPU.Build.0 = Debug|Any CPU
		{AC1E60BA-C146-4121-96E5-AD9FFDDBA374}.Release|Any CPU.ActiveCfg = Release|Any CPU
		{AC1E60BA-C146-4121-96E5-AD9FFDDBA374}.Release|Any CPU.Build.0 = Release|Any CPU
		{4D65E594-BAA3-4A3F-AF88-95164C5831B9}.Debug|Any CPU.ActiveCfg = Debug|Any CPU
		{4D65E594-BAA3-4A3F-AF88-95164C5831B9}.Debug|Any CPU.Build.0 = Debug|Any CPU
		{4D65E594-BAA3-4A3F-AF88-95164C5831B9}.Release|Any CPU.ActiveCfg = Release|Any CPU
		{4D65E594-BAA3-4A3F-AF88-95164C5831B9}.Release|Any CPU.Build.0 = Release|Any CPU
		{AE17A3A2-C636-4702-90A8-3656C8867C2C}.Debug|Any CPU.ActiveCfg = Debug|Any CPU
		{AE17A3A2-C636-4702-90A8-3656C8867C2C}.Debug|Any CPU.Build.0 = Debug|Any CPU
		{AE17A3A2-C636-4702-90A8-3656C8867C2C}.Release|Any CPU.ActiveCfg = Release|Any CPU
		{AE17A3A2-C636-4702-90A8-3656C8867C2C}.Release|Any CPU.Build.0 = Release|Any CPU
		{BE79F03F-0338-41B3-9C33-92E341BF1244}.Debug|Any CPU.ActiveCfg = Debug|Any CPU
		{BE79F03F-0338-41B3-9C33-92E341BF1244}.Debug|Any CPU.Build.0 = Debug|Any CPU
		{BE79F03F-0338-41B3-9C33-92E341BF1244}.Release|Any CPU.ActiveCfg = Release|Any CPU
		{BE79F03F-0338-41B3-9C33-92E341BF1244}.Release|Any CPU.Build.0 = Release|Any CPU
		{C11033BA-CABD-48E8-9712-B7CC591E04EE}.Debug|Any CPU.ActiveCfg = Debug|Any CPU
		{C11033BA-CABD-48E8-9712-B7CC591E04EE}.Debug|Any CPU.Build.0 = Debug|Any CPU
		{C11033BA-CABD-48E8-9712-B7CC591E04EE}.Release|Any CPU.ActiveCfg = Release|Any CPU
		{C11033BA-CABD-48E8-9712-B7CC591E04EE}.Release|Any CPU.Build.0 = Release|Any CPU
	EndGlobalSection
	GlobalSection(SolutionProperties) = preSolution
		HideSolutionNode = FALSE
	EndGlobalSection
	GlobalSection(ExtensibilityGlobals) = postSolution
		SolutionGuid = {D39F80A1-9DB6-43C1-8E29-F51BE9238FC8}
	EndGlobalSection
EndGlobal
